
Microsoft Visual Studio Solution File, Format Version 12.00
# Visual Studio Version 17
VisualStudioVersion = 17.7.34003.232
MinimumVisualStudioVersion = 10.0.40219.1
Project("{FAE04EC0-301F-11D3-BF4B-00C04F79EFBC}") = "C#.TaskA", "C#.TaskA\C#.TaskA.csproj", "{C53BB92E-7B91-44F9-9846-558503FC18A2}"
EndProject
Global
	GlobalSection(SolutionConfigurationPlatforms) = preSolution
		Debug|Any CPU = Debug|Any CPU
		Release|Any CPU = Release|Any CPU
	EndGlobalSection
	GlobalSection(ProjectConfigurationPlatforms) = postSolution
		{C53BB92E-7B91-44F9-9846-558503FC18A2}.Debug|Any CPU.ActiveCfg = Debug|Any CPU
		{C53BB92E-7B91-44F9-9846-558503FC18A2}.Debug|Any CPU.Build.0 = Debug|Any CPU
		{C53BB92E-7B91-44F9-9846-558503FC18A2}.Release|Any CPU.ActiveCfg = Release|Any CPU
		{C53BB92E-7B91-44F9-9846-558503FC18A2}.Release|Any CPU.Build.0 = Release|Any CPU
	EndGlobalSection
	GlobalSection(SolutionProperties) = preSolution
		HideSolutionNode = FALSE
	EndGlobalSection
	GlobalSection(ExtensibilityGlobals) = postSolution
		SolutionGuid = {C0220796-0E07-4578-B70B-92DCA608D133}
	EndGlobalSection
EndGlobal
